<?xml version="1.0" encoding="utf-8"?>
<Project ToolsVersion="4.0" xmlns="http://schemas.microsoft.com/developer/msbuild/2003">
  <ItemGroup>
    <Filter Include="Source Files">
      <UniqueIdentifier>{f799bbd1-70a8-4b77-9713-3295a41ee30d}</UniqueIdentifier>
      <Extensions>cpp;c;cxx;rc;def;r;odl;idl;hpj;bat</Extensions>
    </Filter>
    <Filter Include="Header Files">
      <UniqueIdentifier>{3de1d7ad-52c5-4485-8b90-25db0521d20a}</UniqueIdentifier>
      <Extensions>h;hpp;hxx;hm;inl</Extensions>
    </Filter>
    <Filter Include="Resource Files">
      <UniqueIdentifier>{a5ef66b5-b9c3-4d82-ae42-f1d7a9b6ead5}</UniqueIdentifier>
      <Extensions>ico;cur;bmp;dlg;rc2;rct;bin;rgs;gif;jpg;jpeg;jpe</Extensions>
    </Filter>
  </ItemGroup>
  <ItemGroup>
    <ClCompile Include="AreaPro.cpp">
      <Filter>Source Files</Filter>
    </ClCompile>
    <ClCompile Include="ChildFrm.cpp">
      <Filter>Source Files</Filter>
    </ClCompile>
    <ClCompile Include="CombineDlg.cpp">
      <Filter>Source Files</Filter>
    </ClCompile>
    <ClCompile Include="DibObject.cpp">
      <Filter>Source Files</Filter>
    </ClCompile>
    <ClCompile Include="Dip.cpp">
      <Filter>Source Files</Filter>
    </ClCompile>
    <ClCompile Include="DipDoc.cpp">
      <Filter>Source Files</Filter>
    </ClCompile>
    <ClCompile Include="DipView.cpp">
      <Filter>Source Files</Filter>
    </ClCompile>
    <ClCompile Include="DlgColor.cpp">
      <Filter>Source Files</Filter>
    </ClCompile>
    <ClCompile Include="DlgIntensity.cpp">
      <Filter>Source Files</Filter>
    </ClCompile>
    <ClCompile Include="DlgLinerPara.cpp">
      <Filter>Source Files</Filter>
    </ClCompile>
    <ClCompile Include="DlgMedianFilter.cpp">
      <Filter>Source Files</Filter>
    </ClCompile>
    <ClCompile Include="DlgPointStre.cpp">
      <Filter>Source Files</Filter>
    </ClCompile>
    <ClCompile Include="DlgProject.cpp">
      <Filter>Source Files</Filter>
    </ClCompile>
    <ClCompile Include="DlgSeedFill.cpp">
      <Filter>Source Files</Filter>
    </ClCompile>
    <ClCompile Include="DlgSmooth.cpp">
      <Filter>Source Files</Filter>
    </ClCompile>
    <ClCompile Include="DlgThreshold.cpp">
      <Filter>Source Files</Filter>
    </ClCompile>
    <ClCompile Include="EdgeDetDlg.cpp">
      <Filter>Source Files</Filter>
    </ClCompile>
    <ClCompile Include="LapDlg.cpp">
      <Filter>Source Files</Filter>
    </ClCompile>
    <ClCompile Include="MainFrm.cpp">
      <Filter>Source Files</Filter>
    </ClCompile>
    <ClCompile Include="PointPro.cpp">
      <Filter>Source Files</Filter>
    </ClCompile>
    <ClCompile Include="StdAfx.cpp">
      <Filter>Source Files</Filter>
    </ClCompile>
  </ItemGroup>
  <ItemGroup>
    <ResourceCompile Include="Dip.rc">
      <Filter>Source Files</Filter>
    </ResourceCompile>
  </ItemGroup>
  <ItemGroup>
    <ClInclude Include="AreaPro.h">
      <Filter>Header Files</Filter>
    </ClInclude>
    <ClInclude Include="ChildFrm.h">
      <Filter>Header Files</Filter>
    </ClInclude>
    <ClInclude Include="CombineDlg.h">
      <Filter>Header Files</Filter>
    </ClInclude>
    <ClInclude Include="DibObject.h">
      <Filter>Header Files</Filter>
    </ClInclude>
    <ClInclude Include="Dip.h">
      <Filter>Header Files</Filter>
    </ClInclude>
    <ClInclude Include="DipDoc.h">
      <Filter>Header Files</Filter>
    </ClInclude>
    <ClInclude Include="DipView.h">
      <Filter>Header Files</Filter>
    </ClInclude>
    <ClInclude Include="DlgColor.h">
      <Filter>Header Files</Filter>
    </ClInclude>
    <ClInclude Include="DlgIntensity.h">
      <Filter>Header Files</Filter>
    </ClInclude>
    <ClInclude Include="DlgLinerPara.h">
      <Filter>Header Files</Filter>
    </ClInclude>
    <ClInclude Include="DlgMedianFilter.h">
      <Filter>Header Files</Filter>
    </ClInclude>
    <ClInclude Include="DlgPointStre.h">
      <Filter>Header Files</Filter>
    </ClInclude>
    <ClInclude Include="DlgProject.h">
      <Filter>Header Files</Filter>
    </ClInclude>
    <ClInclude Include="DlgSeedFill.h">
      <Filter>Header Files</Filter>
    </ClInclude>
    <ClInclude Include="DlgSmooth.h">
      <Filter>Header Files</Filter>
    </ClInclude>
    <ClInclude Include="DlgThreshold.h">
      <Filter>Header Files</Filter>
    </ClInclude>
    <ClInclude Include="EdgeDetDlg.h">
      <Filter>Header Files</Filter>
    </ClInclude>
    <ClInclude Include="LapDlg.h">
      <Filter>Header Files</Filter>
    </ClInclude>
    <ClInclude Include="MainFrm.h">
      <Filter>Header Files</Filter>
    </ClInclude>
    <ClInclude Include="PointPro.h">
      <Filter>Header Files</Filter>
    </ClInclude>
    <ClInclude Include="Resource.h">
      <Filter>Header Files</Filter>
    </ClInclude>
    <ClInclude Include="StdAfx.h">
      <Filter>Header Files</Filter>
    </ClInclude>
  </ItemGroup>
  <ItemGroup>
    <Image Include="res\Dip.ico">
      <Filter>Resource Files</Filter>
    </Image>
    <Image Include="res\DipDoc.ico">
      <Filter>Resource Files</Filter>
    </Image>
    <Image Include="res\ico00001.ico">
      <Filter>Resource Files</Filter>
    </Image>
    <Image Include="res\LedOff.ico">
      <Filter>Resource Files</Filter>
    </Image>
    <Image Include="res\ledoff1.ico">
      <Filter>Resource Files</Filter>
    </Image>
    <Image Include="res\LedOn.ico">
      <Filter>Resource Files</Filter>
    </Image>
    <Image Include="res\ledon1.ico">
      <Filter>Resource Files</Filter>
    </Image>
    <Image Include="res\midpoint.ico">
      <Filter>Resource Files</Filter>
    </Image>
    <Image Include="res\Toolbar.bmp">
      <Filter>Resource Files</Filter>
    </Image>
  </ItemGroup>
  <ItemGroup>
    <Text Include="ReadMe.txt" />
  </ItemGroup>
  <ItemGroup>
    <CustomBuild Include="res\Dip.rc2">
      <Filter>Resource Files</Filter>
    </CustomBuild>
  </ItemGroup>
</Project>