<?xml version="1.0" encoding="utf-8"?>
<Project ToolsVersion="4.0" xmlns="http://schemas.microsoft.com/developer/msbuild/2003">
  <ItemGroup>
    <Filter Include="源文件">
      <UniqueIdentifier>{6d581a05-48d8-410d-84fb-7954a4035395}</UniqueIdentifier>
    </Filter>
    <Filter Include="头文件">
      <UniqueIdentifier>{48fb1c83-1ce6-4eee-aa73-7b6e7244e8b7}</UniqueIdentifier>
    </Filter>
  </ItemGroup>
  <ItemGroup>
    <ClCompile Include="code03-13-homoFilter.cpp">
      <Filter>源文件</Filter>
    </ClCompile>
  </ItemGroup>
</Project>