
Microsoft Visual Studio Solution File, Format Version 12.00
# Visual Studio 2012
Project("{8BC9CEB8-8B4A-11D0-8D11-00A0C91BC942}") = "code11-01-indentifyPlate", "code11-01-indentifyPlate\code11-01-indentifyPlate.vcxproj", "{94F6D43C-4D15-4B65-9180-A4AAB86F674B}"
EndProject
Global
	GlobalSection(SolutionConfigurationPlatforms) = preSolution
		Debug|Win32 = Debug|Win32
		Release|Win32 = Release|Win32
	EndGlobalSection
	GlobalSection(ProjectConfigurationPlatforms) = postSolution
		{94F6D43C-4D15-4B65-9180-A4AAB86F674B}.Debug|Win32.ActiveCfg = Debug|Win32
		{94F6D43C-4D15-4B65-9180-A4AAB86F674B}.Debug|Win32.Build.0 = Debug|Win32
		{94F6D43C-4D15-4B65-9180-A4AAB86F674B}.Release|Win32.ActiveCfg = Release|Win32
		{94F6D43C-4D15-4B65-9180-A4AAB86F674B}.Release|Win32.Build.0 = Release|Win32
	EndGlobalSection
	GlobalSection(SolutionProperties) = preSolution
		HideSolutionNode = FALSE
	EndGlobalSection
EndGlobal
