
Microsoft Visual Studio Solution File, Format Version 12.00
# Visual Studio 2012
Project("{8BC9CEB8-8B4A-11D0-8D11-00A0C91BC942}") = "code03-07-imageNoise", "code03-07-imageNoise\code03-07-imageNoise.vcxproj", "{2F588F9F-C627-4760-92AA-17A7AEFE4F9B}"
EndProject
Global
	GlobalSection(SolutionConfigurationPlatforms) = preSolution
		Debug|Win32 = Debug|Win32
		Release|Win32 = Release|Win32
	EndGlobalSection
	GlobalSection(ProjectConfigurationPlatforms) = postSolution
		{2F588F9F-C627-4760-92AA-17A7AEFE4F9B}.Debug|Win32.ActiveCfg = Debug|Win32
		{2F588F9F-C627-4760-92AA-17A7AEFE4F9B}.Debug|Win32.Build.0 = Debug|Win32
		{2F588F9F-C627-4760-92AA-17A7AEFE4F9B}.Release|Win32.ActiveCfg = Release|Win32
		{2F588F9F-C627-4760-92AA-17A7AEFE4F9B}.Release|Win32.Build.0 = Release|Win32
	EndGlobalSection
	GlobalSection(SolutionProperties) = preSolution
		HideSolutionNode = FALSE
	EndGlobalSection
EndGlobal
