<?xml version="1.0" encoding="utf-8"?>
<Project ToolsVersion="4.0" xmlns="http://schemas.microsoft.com/developer/msbuild/2003">
  <ItemGroup>
    <Filter Include="头文件">
      <UniqueIdentifier>{1d12e666-f4c2-4dda-bbff-24be7de1a315}</UniqueIdentifier>
    </Filter>
    <Filter Include="源文件">
      <UniqueIdentifier>{b656d619-4baf-4e87-bb7b-642936179e33}</UniqueIdentifier>
    </Filter>
  </ItemGroup>
  <ItemGroup>
    <ClCompile Include="code07-13-snakeActiveContour.cpp">
      <Filter>源文件</Filter>
    </ClCompile>
  </ItemGroup>
</Project>